
Microsoft Visual Studio Solution File, Format Version 12.00
# Visual Studio Version 17
VisualStudioVersion = 17.4.33403.182
MinimumVisualStudioVersion = 10.0.40219.1
Project("{FAE04EC0-301F-11D3-BF4B-00C04F79EFBC}") = "Calculator", "Calculator\Calculator.csproj", "{C45726FE-CE50-453F-8443-6B90B6D846BE}"
EndProject
Global
	GlobalSection(SolutionConfigurationPlatforms) = preSolution
		Debug|Any CPU = Debug|Any CPU
		Release|Any CPU = Release|Any CPU
	EndGlobalSection
	GlobalSection(ProjectConfigurationPlatforms) = postSolution
		{C45726FE-CE50-453F-8443-6B90B6D846BE}.Debug|Any CPU.ActiveCfg = Debug|Any CPU
		{C45726FE-CE50-453F-8443-6B90B6D846BE}.Debug|Any CPU.Build.0 = Debug|Any CPU
		{C45726FE-CE50-453F-8443-6B90B6D846BE}.Release|Any CPU.ActiveCfg = Release|Any CPU
		{C45726FE-CE50-453F-8443-6B90B6D846BE}.Release|Any CPU.Build.0 = Release|Any CPU
	EndGlobalSection
	GlobalSection(SolutionProperties) = preSolution
		HideSolutionNode = FALSE
	EndGlobalSection
	GlobalSection(ExtensibilityGlobals) = postSolution
		SolutionGuid = {8CE339BE-3CE0-41CC-AB68-A86A3A980983}
	EndGlobalSection
EndGlobal
